
Microsoft Visual Studio Solution File, Format Version 12.00
# Visual Studio 15
VisualStudioVersion = 15.0.28307.1684
MinimumVisualStudioVersion = 10.0.40219.1
Project("{8BC9CEB8-8B4A-11D0-8D11-00A0C91BC942}") = "智能指针与内存管理", "智能指针\智能指针.vcxproj", "{8981132D-F048-47C5-94F7-296B07AA2639}"
EndProject
Project("{8BC9CEB8-8B4A-11D0-8D11-00A0C91BC942}") = "多态", "多态\多态.vcxproj", "{7F9E8FFA-286D-43BF-88ED-AE951E656851}"
EndProject
Project("{8BC9CEB8-8B4A-11D0-8D11-00A0C91BC942}") = "sort", "sort\sort.vcxproj", "{59FAB938-3342-4E64-9FE6-370203E32670}"
EndProject
Project("{8BC9CEB8-8B4A-11D0-8D11-00A0C91BC942}") = "ThreadPool_C", "ThreadPool_C\ThreadPool_C.vcxproj", "{A928E013-8841-4347-A35C-580F1C535482}"
EndProject
Project("{8BC9CEB8-8B4A-11D0-8D11-00A0C91BC942}") = "ThreadPool_Cpp", "ThreadPool_Cpp\ThreadPool_Cpp.vcxproj", "{801C6844-27BD-4031-AD4E-B1D2D60BDB9B}"
EndProject
Project("{8BC9CEB8-8B4A-11D0-8D11-00A0C91BC942}") = "模板元编程", "模板元编程\模板元编程.vcxproj", "{E24145D5-731D-4AE6-AF09-B35123A0F74E}"
EndProject
Project("{8BC9CEB8-8B4A-11D0-8D11-00A0C91BC942}") = "SpeechContest", "SpeechContest\SpeechContest.vcxproj", "{D8ACB9F6-DAE5-4D9E-8DDF-F1EA99F42179}"
EndProject
Project("{8BC9CEB8-8B4A-11D0-8D11-00A0C91BC942}") = "STL", "STL\STL.vcxproj", "{985E7BAD-720B-4136-9A60-7E1A60BFC6D5}"
EndProject
Project("{8BC9CEB8-8B4A-11D0-8D11-00A0C91BC942}") = "基于多态的职工管理系统", "基于多态的职工管理系统\基于多态的职工管理系统.vcxproj", "{199EB4C2-92DB-4CF0-8C40-0D11E5C6904C}"
EndProject
Project("{8BC9CEB8-8B4A-11D0-8D11-00A0C91BC942}") = "企业链表", "企业链表\企业链表.vcxproj", "{37BD3B7F-A2DE-4262-80B6-CC1B0F39F35C}"
EndProject
Project("{8BC9CEB8-8B4A-11D0-8D11-00A0C91BC942}") = "两点间距离", "两点间距离\两点间距离.vcxproj", "{73072445-CB97-4D30-A004-1CBED7687500}"
EndProject
Project("{8BC9CEB8-8B4A-11D0-8D11-00A0C91BC942}") = "语言可用性的强化", "语言可用性的强化\语言可用性的强化.vcxproj", "{6F2E9E2C-3FE9-4ED7-A211-996F037AD32C}"
EndProject
Project("{8BC9CEB8-8B4A-11D0-8D11-00A0C91BC942}") = "语言运行期的强化", "语言运行期的强化\语言运行期的强化.vcxproj", "{73E69CEA-5C16-4059-ACD2-A49BBEE4C0AB}"
EndProject
Project("{8BC9CEB8-8B4A-11D0-8D11-00A0C91BC942}") = "myTinySTL", "myTinySTL\myTinySTL.vcxproj", "{45E1D617-0031-41A1-B7E2-82371390AE7B}"
EndProject
Global
	GlobalSection(SolutionConfigurationPlatforms) = preSolution
		Debug|ARM = Debug|ARM
		Debug|ARM64 = Debug|ARM64
		Debug|x64 = Debug|x64
		Debug|x86 = Debug|x86
		Release|ARM = Release|ARM
		Release|ARM64 = Release|ARM64
		Release|x64 = Release|x64
		Release|x86 = Release|x86
	EndGlobalSection
	GlobalSection(ProjectConfigurationPlatforms) = postSolution
		{8981132D-F048-47C5-94F7-296B07AA2639}.Debug|ARM.ActiveCfg = Debug|Win32
		{8981132D-F048-47C5-94F7-296B07AA2639}.Debug|ARM64.ActiveCfg = Debug|Win32
		{8981132D-F048-47C5-94F7-296B07AA2639}.Debug|x64.ActiveCfg = Debug|x64
		{8981132D-F048-47C5-94F7-296B07AA2639}.Debug|x64.Build.0 = Debug|x64
		{8981132D-F048-47C5-94F7-296B07AA2639}.Debug|x86.ActiveCfg = Debug|Win32
		{8981132D-F048-47C5-94F7-296B07AA2639}.Debug|x86.Build.0 = Debug|Win32
		{8981132D-F048-47C5-94F7-296B07AA2639}.Release|ARM.ActiveCfg = Release|Win32
		{8981132D-F048-47C5-94F7-296B07AA2639}.Release|ARM64.ActiveCfg = Release|Win32
		{8981132D-F048-47C5-94F7-296B07AA2639}.Release|x64.ActiveCfg = Release|x64
		{8981132D-F048-47C5-94F7-296B07AA2639}.Release|x64.Build.0 = Release|x64
		{8981132D-F048-47C5-94F7-296B07AA2639}.Release|x86.ActiveCfg = Release|Win32
		{8981132D-F048-47C5-94F7-296B07AA2639}.Release|x86.Build.0 = Release|Win32
		{7F9E8FFA-286D-43BF-88ED-AE951E656851}.Debug|ARM.ActiveCfg = Debug|Win32
		{7F9E8FFA-286D-43BF-88ED-AE951E656851}.Debug|ARM64.ActiveCfg = Debug|Win32
		{7F9E8FFA-286D-43BF-88ED-AE951E656851}.Debug|x64.ActiveCfg = Debug|x64
		{7F9E8FFA-286D-43BF-88ED-AE951E656851}.Debug|x64.Build.0 = Debug|x64
		{7F9E8FFA-286D-43BF-88ED-AE951E656851}.Debug|x86.ActiveCfg = Debug|Win32
		{7F9E8FFA-286D-43BF-88ED-AE951E656851}.Debug|x86.Build.0 = Debug|Win32
		{7F9E8FFA-286D-43BF-88ED-AE951E656851}.Release|ARM.ActiveCfg = Release|Win32
		{7F9E8FFA-286D-43BF-88ED-AE951E656851}.Release|ARM64.ActiveCfg = Release|Win32
		{7F9E8FFA-286D-43BF-88ED-AE951E656851}.Release|x64.ActiveCfg = Release|x64
		{7F9E8FFA-286D-43BF-88ED-AE951E656851}.Release|x64.Build.0 = Release|x64
		{7F9E8FFA-286D-43BF-88ED-AE951E656851}.Release|x86.ActiveCfg = Release|Win32
		{7F9E8FFA-286D-43BF-88ED-AE951E656851}.Release|x86.Build.0 = Release|Win32
		{59FAB938-3342-4E64-9FE6-370203E32670}.Debug|ARM.ActiveCfg = Debug|Win32
		{59FAB938-3342-4E64-9FE6-370203E32670}.Debug|ARM64.ActiveCfg = Debug|Win32
		{59FAB938-3342-4E64-9FE6-370203E32670}.Debug|x64.ActiveCfg = Debug|x64
		{59FAB938-3342-4E64-9FE6-370203E32670}.Debug|x64.Build.0 = Debug|x64
		{59FAB938-3342-4E64-9FE6-370203E32670}.Debug|x86.ActiveCfg = Debug|Win32
		{59FAB938-3342-4E64-9FE6-370203E32670}.Debug|x86.Build.0 = Debug|Win32
		{59FAB938-3342-4E64-9FE6-370203E32670}.Release|ARM.ActiveCfg = Release|Win32
		{59FAB938-3342-4E64-9FE6-370203E32670}.Release|ARM64.ActiveCfg = Release|Win32
		{59FAB938-3342-4E64-9FE6-370203E32670}.Release|x64.ActiveCfg = Release|x64
		{59FAB938-3342-4E64-9FE6-370203E32670}.Release|x64.Build.0 = Release|x64
		{59FAB938-3342-4E64-9FE6-370203E32670}.Release|x86.ActiveCfg = Release|Win32
		{59FAB938-3342-4E64-9FE6-370203E32670}.Release|x86.Build.0 = Release|Win32
		{A928E013-8841-4347-A35C-580F1C535482}.Debug|ARM.ActiveCfg = Debug|ARM
		{A928E013-8841-4347-A35C-580F1C535482}.Debug|ARM.Build.0 = Debug|ARM
		{A928E013-8841-4347-A35C-580F1C535482}.Debug|ARM64.ActiveCfg = Debug|ARM64
		{A928E013-8841-4347-A35C-580F1C535482}.Debug|ARM64.Build.0 = Debug|ARM64
		{A928E013-8841-4347-A35C-580F1C535482}.Debug|x64.ActiveCfg = Debug|x64
		{A928E013-8841-4347-A35C-580F1C535482}.Debug|x64.Build.0 = Debug|x64
		{A928E013-8841-4347-A35C-580F1C535482}.Debug|x86.ActiveCfg = Debug|x86
		{A928E013-8841-4347-A35C-580F1C535482}.Debug|x86.Build.0 = Debug|x86
		{A928E013-8841-4347-A35C-580F1C535482}.Release|ARM.ActiveCfg = Release|ARM
		{A928E013-8841-4347-A35C-580F1C535482}.Release|ARM.Build.0 = Release|ARM
		{A928E013-8841-4347-A35C-580F1C535482}.Release|ARM64.ActiveCfg = Release|ARM64
		{A928E013-8841-4347-A35C-580F1C535482}.Release|ARM64.Build.0 = Release|ARM64
		{A928E013-8841-4347-A35C-580F1C535482}.Release|x64.ActiveCfg = Release|x64
		{A928E013-8841-4347-A35C-580F1C535482}.Release|x64.Build.0 = Release|x64
		{A928E013-8841-4347-A35C-580F1C535482}.Release|x86.ActiveCfg = Release|x86
		{A928E013-8841-4347-A35C-580F1C535482}.Release|x86.Build.0 = Release|x86
		{801C6844-27BD-4031-AD4E-B1D2D60BDB9B}.Debug|ARM.ActiveCfg = Debug|ARM
		{801C6844-27BD-4031-AD4E-B1D2D60BDB9B}.Debug|ARM.Build.0 = Debug|ARM
		{801C6844-27BD-4031-AD4E-B1D2D60BDB9B}.Debug|ARM64.ActiveCfg = Debug|ARM64
		{801C6844-27BD-4031-AD4E-B1D2D60BDB9B}.Debug|ARM64.Build.0 = Debug|ARM64
		{801C6844-27BD-4031-AD4E-B1D2D60BDB9B}.Debug|x64.ActiveCfg = Debug|x64
		{801C6844-27BD-4031-AD4E-B1D2D60BDB9B}.Debug|x64.Build.0 = Debug|x64
		{801C6844-27BD-4031-AD4E-B1D2D60BDB9B}.Debug|x86.ActiveCfg = Debug|x86
		{801C6844-27BD-4031-AD4E-B1D2D60BDB9B}.Debug|x86.Build.0 = Debug|x86
		{801C6844-27BD-4031-AD4E-B1D2D60BDB9B}.Release|ARM.ActiveCfg = Release|ARM
		{801C6844-27BD-4031-AD4E-B1D2D60BDB9B}.Release|ARM.Build.0 = Release|ARM
		{801C6844-27BD-4031-AD4E-B1D2D60BDB9B}.Release|ARM64.ActiveCfg = Release|ARM64
		{801C6844-27BD-4031-AD4E-B1D2D60BDB9B}.Release|ARM64.Build.0 = Release|ARM64
		{801C6844-27BD-4031-AD4E-B1D2D60BDB9B}.Release|x64.ActiveCfg = Release|x64
		{801C6844-27BD-4031-AD4E-B1D2D60BDB9B}.Release|x64.Build.0 = Release|x64
		{801C6844-27BD-4031-AD4E-B1D2D60BDB9B}.Release|x86.ActiveCfg = Release|x86
		{801C6844-27BD-4031-AD4E-B1D2D60BDB9B}.Release|x86.Build.0 = Release|x86
		{E24145D5-731D-4AE6-AF09-B35123A0F74E}.Debug|ARM.ActiveCfg = Debug|Win32
		{E24145D5-731D-4AE6-AF09-B35123A0F74E}.Debug|ARM64.ActiveCfg = Debug|Win32
		{E24145D5-731D-4AE6-AF09-B35123A0F74E}.Debug|x64.ActiveCfg = Debug|x64
		{E24145D5-731D-4AE6-AF09-B35123A0F74E}.Debug|x64.Build.0 = Debug|x64
		{E24145D5-731D-4AE6-AF09-B35123A0F74E}.Debug|x86.ActiveCfg = Debug|Win32
		{E24145D5-731D-4AE6-AF09-B35123A0F74E}.Debug|x86.Build.0 = Debug|Win32
		{E24145D5-731D-4AE6-AF09-B35123A0F74E}.Release|ARM.ActiveCfg = Release|Win32
		{E24145D5-731D-4AE6-AF09-B35123A0F74E}.Release|ARM64.ActiveCfg = Release|Win32
		{E24145D5-731D-4AE6-AF09-B35123A0F74E}.Release|x64.ActiveCfg = Release|x64
		{E24145D5-731D-4AE6-AF09-B35123A0F74E}.Release|x64.Build.0 = Release|x64
		{E24145D5-731D-4AE6-AF09-B35123A0F74E}.Release|x86.ActiveCfg = Release|Win32
		{E24145D5-731D-4AE6-AF09-B35123A0F74E}.Release|x86.Build.0 = Release|Win32
		{D8ACB9F6-DAE5-4D9E-8DDF-F1EA99F42179}.Debug|ARM.ActiveCfg = Debug|Win32
		{D8ACB9F6-DAE5-4D9E-8DDF-F1EA99F42179}.Debug|ARM64.ActiveCfg = Debug|Win32
		{D8ACB9F6-DAE5-4D9E-8DDF-F1EA99F42179}.Debug|x64.ActiveCfg = Debug|x64
		{D8ACB9F6-DAE5-4D9E-8DDF-F1EA99F42179}.Debug|x64.Build.0 = Debug|x64
		{D8ACB9F6-DAE5-4D9E-8DDF-F1EA99F42179}.Debug|x86.ActiveCfg = Debug|Win32
		{D8ACB9F6-DAE5-4D9E-8DDF-F1EA99F42179}.Debug|x86.Build.0 = Debug|Win32
		{D8ACB9F6-DAE5-4D9E-8DDF-F1EA99F42179}.Release|ARM.ActiveCfg = Release|Win32
		{D8ACB9F6-DAE5-4D9E-8DDF-F1EA99F42179}.Release|ARM64.ActiveCfg = Release|Win32
		{D8ACB9F6-DAE5-4D9E-8DDF-F1EA99F42179}.Release|x64.ActiveCfg = Release|x64
		{D8ACB9F6-DAE5-4D9E-8DDF-F1EA99F42179}.Release|x64.Build.0 = Release|x64
		{D8ACB9F6-DAE5-4D9E-8DDF-F1EA99F42179}.Release|x86.ActiveCfg = Release|Win32
		{D8ACB9F6-DAE5-4D9E-8DDF-F1EA99F42179}.Release|x86.Build.0 = Release|Win32
		{985E7BAD-720B-4136-9A60-7E1A60BFC6D5}.Debug|ARM.ActiveCfg = Debug|Win32
		{985E7BAD-720B-4136-9A60-7E1A60BFC6D5}.Debug|ARM64.ActiveCfg = Debug|Win32
		{985E7BAD-720B-4136-9A60-7E1A60BFC6D5}.Debug|x64.ActiveCfg = Debug|x64
		{985E7BAD-720B-4136-9A60-7E1A60BFC6D5}.Debug|x64.Build.0 = Debug|x64
		{985E7BAD-720B-4136-9A60-7E1A60BFC6D5}.Debug|x86.ActiveCfg = Debug|Win32
		{985E7BAD-720B-4136-9A60-7E1A60BFC6D5}.Debug|x86.Build.0 = Debug|Win32
		{985E7BAD-720B-4136-9A60-7E1A60BFC6D5}.Release|ARM.ActiveCfg = Release|Win32
		{985E7BAD-720B-4136-9A60-7E1A60BFC6D5}.Release|ARM64.ActiveCfg = Release|Win32
		{985E7BAD-720B-4136-9A60-7E1A60BFC6D5}.Release|x64.ActiveCfg = Release|x64
		{985E7BAD-720B-4136-9A60-7E1A60BFC6D5}.Release|x64.Build.0 = Release|x64
		{985E7BAD-720B-4136-9A60-7E1A60BFC6D5}.Release|x86.ActiveCfg = Release|Win32
		{985E7BAD-720B-4136-9A60-7E1A60BFC6D5}.Release|x86.Build.0 = Release|Win32
		{199EB4C2-92DB-4CF0-8C40-0D11E5C6904C}.Debug|ARM.ActiveCfg = Debug|Win32
		{199EB4C2-92DB-4CF0-8C40-0D11E5C6904C}.Debug|ARM64.ActiveCfg = Debug|Win32
		{199EB4C2-92DB-4CF0-8C40-0D11E5C6904C}.Debug|x64.ActiveCfg = Debug|x64
		{199EB4C2-92DB-4CF0-8C40-0D11E5C6904C}.Debug|x64.Build.0 = Debug|x64
		{199EB4C2-92DB-4CF0-8C40-0D11E5C6904C}.Debug|x86.ActiveCfg = Debug|Win32
		{199EB4C2-92DB-4CF0-8C40-0D11E5C6904C}.Debug|x86.Build.0 = Debug|Win32
		{199EB4C2-92DB-4CF0-8C40-0D11E5C6904C}.Release|ARM.ActiveCfg = Release|Win32
		{199EB4C2-92DB-4CF0-8C40-0D11E5C6904C}.Release|ARM64.ActiveCfg = Release|Win32
		{199EB4C2-92DB-4CF0-8C40-0D11E5C6904C}.Release|x64.ActiveCfg = Release|x64
		{199EB4C2-92DB-4CF0-8C40-0D11E5C6904C}.Release|x64.Build.0 = Release|x64
		{199EB4C2-92DB-4CF0-8C40-0D11E5C6904C}.Release|x86.ActiveCfg = Release|Win32
		{199EB4C2-92DB-4CF0-8C40-0D11E5C6904C}.Release|x86.Build.0 = Release|Win32
		{37BD3B7F-A2DE-4262-80B6-CC1B0F39F35C}.Debug|ARM.ActiveCfg = Debug|Win32
		{37BD3B7F-A2DE-4262-80B6-CC1B0F39F35C}.Debug|ARM64.ActiveCfg = Debug|Win32
		{37BD3B7F-A2DE-4262-80B6-CC1B0F39F35C}.Debug|x64.ActiveCfg = Debug|x64
		{37BD3B7F-A2DE-4262-80B6-CC1B0F39F35C}.Debug|x64.Build.0 = Debug|x64
		{37BD3B7F-A2DE-4262-80B6-CC1B0F39F35C}.Debug|x86.ActiveCfg = Debug|Win32
		{37BD3B7F-A2DE-4262-80B6-CC1B0F39F35C}.Debug|x86.Build.0 = Debug|Win32
		{37BD3B7F-A2DE-4262-80B6-CC1B0F39F35C}.Release|ARM.ActiveCfg = Release|Win32
		{37BD3B7F-A2DE-4262-80B6-CC1B0F39F35C}.Release|ARM64.ActiveCfg = Release|Win32
		{37BD3B7F-A2DE-4262-80B6-CC1B0F39F35C}.Release|x64.ActiveCfg = Release|x64
		{37BD3B7F-A2DE-4262-80B6-CC1B0F39F35C}.Release|x64.Build.0 = Release|x64
		{37BD3B7F-A2DE-4262-80B6-CC1B0F39F35C}.Release|x86.ActiveCfg = Release|Win32
		{37BD3B7F-A2DE-4262-80B6-CC1B0F39F35C}.Release|x86.Build.0 = Release|Win32
		{73072445-CB97-4D30-A004-1CBED7687500}.Debug|ARM.ActiveCfg = Debug|Win32
		{73072445-CB97-4D30-A004-1CBED7687500}.Debug|ARM64.ActiveCfg = Debug|Win32
		{73072445-CB97-4D30-A004-1CBED7687500}.Debug|x64.ActiveCfg = Debug|x64
		{73072445-CB97-4D30-A004-1CBED7687500}.Debug|x64.Build.0 = Debug|x64
		{73072445-CB97-4D30-A004-1CBED7687500}.Debug|x86.ActiveCfg = Debug|Win32
		{73072445-CB97-4D30-A004-1CBED7687500}.Debug|x86.Build.0 = Debug|Win32
		{73072445-CB97-4D30-A004-1CBED7687500}.Release|ARM.ActiveCfg = Release|Win32
		{73072445-CB97-4D30-A004-1CBED7687500}.Release|ARM64.ActiveCfg = Release|Win32
		{73072445-CB97-4D30-A004-1CBED7687500}.Release|x64.ActiveCfg = Release|x64
		{73072445-CB97-4D30-A004-1CBED7687500}.Release|x64.Build.0 = Release|x64
		{73072445-CB97-4D30-A004-1CBED7687500}.Release|x86.ActiveCfg = Release|Win32
		{73072445-CB97-4D30-A004-1CBED7687500}.Release|x86.Build.0 = Release|Win32
		{6F2E9E2C-3FE9-4ED7-A211-996F037AD32C}.Debug|ARM.ActiveCfg = Debug|Win32
		{6F2E9E2C-3FE9-4ED7-A211-996F037AD32C}.Debug|ARM64.ActiveCfg = Debug|Win32
		{6F2E9E2C-3FE9-4ED7-A211-996F037AD32C}.Debug|x64.ActiveCfg = Debug|x64
		{6F2E9E2C-3FE9-4ED7-A211-996F037AD32C}.Debug|x64.Build.0 = Debug|x64
		{6F2E9E2C-3FE9-4ED7-A211-996F037AD32C}.Debug|x86.ActiveCfg = Debug|Win32
		{6F2E9E2C-3FE9-4ED7-A211-996F037AD32C}.Debug|x86.Build.0 = Debug|Win32
		{6F2E9E2C-3FE9-4ED7-A211-996F037AD32C}.Release|ARM.ActiveCfg = Release|Win32
		{6F2E9E2C-3FE9-4ED7-A211-996F037AD32C}.Release|ARM64.ActiveCfg = Release|Win32
		{6F2E9E2C-3FE9-4ED7-A211-996F037AD32C}.Release|x64.ActiveCfg = Release|x64
		{6F2E9E2C-3FE9-4ED7-A211-996F037AD32C}.Release|x64.Build.0 = Release|x64
		{6F2E9E2C-3FE9-4ED7-A211-996F037AD32C}.Release|x86.ActiveCfg = Release|Win32
		{6F2E9E2C-3FE9-4ED7-A211-996F037AD32C}.Release|x86.Build.0 = Release|Win32
		{73E69CEA-5C16-4059-ACD2-A49BBEE4C0AB}.Debug|ARM.ActiveCfg = Debug|Win32
		{73E69CEA-5C16-4059-ACD2-A49BBEE4C0AB}.Debug|ARM64.ActiveCfg = Debug|Win32
		{73E69CEA-5C16-4059-ACD2-A49BBEE4C0AB}.Debug|x64.ActiveCfg = Debug|x64
		{73E69CEA-5C16-4059-ACD2-A49BBEE4C0AB}.Debug|x64.Build.0 = Debug|x64
		{73E69CEA-5C16-4059-ACD2-A49BBEE4C0AB}.Debug|x86.ActiveCfg = Debug|Win32
		{73E69CEA-5C16-4059-ACD2-A49BBEE4C0AB}.Debug|x86.Build.0 = Debug|Win32
		{73E69CEA-5C16-4059-ACD2-A49BBEE4C0AB}.Release|ARM.ActiveCfg = Release|Win32
		{73E69CEA-5C16-4059-ACD2-A49BBEE4C0AB}.Release|ARM64.ActiveCfg = Release|Win32
		{73E69CEA-5C16-4059-ACD2-A49BBEE4C0AB}.Release|x64.ActiveCfg = Release|x64
		{73E69CEA-5C16-4059-ACD2-A49BBEE4C0AB}.Release|x64.Build.0 = Release|x64
		{73E69CEA-5C16-4059-ACD2-A49BBEE4C0AB}.Release|x86.ActiveCfg = Release|Win32
		{73E69CEA-5C16-4059-ACD2-A49BBEE4C0AB}.Release|x86.Build.0 = Release|Win32
		{45E1D617-0031-41A1-B7E2-82371390AE7B}.Debug|ARM.ActiveCfg = Debug|Win32
		{45E1D617-0031-41A1-B7E2-82371390AE7B}.Debug|ARM64.ActiveCfg = Debug|Win32
		{45E1D617-0031-41A1-B7E2-82371390AE7B}.Debug|x64.ActiveCfg = Debug|x64
		{45E1D617-0031-41A1-B7E2-82371390AE7B}.Debug|x64.Build.0 = Debug|x64
		{45E1D617-0031-41A1-B7E2-82371390AE7B}.Debug|x86.ActiveCfg = Debug|Win32
		{45E1D617-0031-41A1-B7E2-82371390AE7B}.Debug|x86.Build.0 = Debug|Win32
		{45E1D617-0031-41A1-B7E2-82371390AE7B}.Release|ARM.ActiveCfg = Release|Win32
		{45E1D617-0031-41A1-B7E2-82371390AE7B}.Release|ARM64.ActiveCfg = Release|Win32
		{45E1D617-0031-41A1-B7E2-82371390AE7B}.Release|x64.ActiveCfg = Release|x64
		{45E1D617-0031-41A1-B7E2-82371390AE7B}.Release|x64.Build.0 = Release|x64
		{45E1D617-0031-41A1-B7E2-82371390AE7B}.Release|x86.ActiveCfg = Release|Win32
		{45E1D617-0031-41A1-B7E2-82371390AE7B}.Release|x86.Build.0 = Release|Win32
	EndGlobalSection
	GlobalSection(SolutionProperties) = preSolution
		HideSolutionNode = FALSE
	EndGlobalSection
	GlobalSection(ExtensibilityGlobals) = postSolution
		SolutionGuid = {25C3624A-DA35-4852-8C88-564A8D26BF6B}
	EndGlobalSection
EndGlobal
