<?xml version="1.0" encoding="utf-8"?>
<Project ToolsVersion="4.0" xmlns="http://schemas.microsoft.com/developer/msbuild/2003">
  <ItemGroup>
    <Filter Include="源文件">
      <UniqueIdentifier>{4FC737F1-C7A5-4376-A066-2A32D752A2FF}</UniqueIdentifier>
      <Extensions>cpp;c;cc;cxx;def;odl;idl;hpj;bat;asm;asmx</Extensions>
    </Filter>
    <Filter Include="头文件">
      <UniqueIdentifier>{93995380-89BD-4b04-88EB-625FBE52EBFB}</UniqueIdentifier>
      <Extensions>h;hh;hpp;hxx;hm;inl;inc;ipp;xsd</Extensions>
    </Filter>
    <Filter Include="资源文件">
      <UniqueIdentifier>{67DA6AB6-F800-4c08-8B7A-83BB121AAD01}</UniqueIdentifier>
      <Extensions>rc;ico;cur;bmp;dlg;rc2;rct;bin;rgs;gif;jpg;jpeg;jpe;resx;tiff;tif;png;wav;mfcribbon-ms</Extensions>
    </Filter>
  </ItemGroup>
  <ItemGroup>
    <ClCompile Include="06 组装电脑.cpp">
      <Filter>源文件</Filter>
    </ClCompile>
    <ClCompile Include="05 制作饮品实例%28多态%29.cpp">
      <Filter>源文件</Filter>
    </ClCompile>
    <ClCompile Include="04 纯虚函数和抽象类.cpp">
      <Filter>源文件</Filter>
    </ClCompile>
    <ClCompile Include="03 多态计算器_02.cpp">
      <Filter>源文件</Filter>
    </ClCompile>
    <ClCompile Include="02 动态多态_01.cpp">
      <Filter>源文件</Filter>
    </ClCompile>
    <ClCompile Include="01 运算符++重载.cpp">
      <Filter>源文件</Filter>
    </ClCompile>
    <ClCompile Include="07 virtaul关键字.cpp">
      <Filter>源文件</Filter>
    </ClCompile>
    <ClCompile Include="08 多态.cpp">
      <Filter>源文件</Filter>
    </ClCompile>
    <ClCompile Include="09 多态的本质.cpp">
      <Filter>源文件</Filter>
    </ClCompile>
  </ItemGroup>
</Project>